// !$*UTF8*$!
{
	archiveVersion = 1;
	classes = {
	};
	objectVersion = 48;
	objects = {

/* Begin PBXBuildFile section */
		F6B198BA1FEE004E002053A9 /* AppDelegate.swift in Sources */ = {isa = PBXBuildFile; fileRef = F6B198B91FEE004E002053A9 /* AppDelegate.swift */; };
		F6B198BC1FEE004E002053A9 /* ViewController.swift in Sources */ = {isa = PBXBuildFile; fileRef = F6B198BB1FEE004E002053A9 /* ViewController.swift */; };
		F6B198BF1FEE004E002053A9 /* Main.storyboard in Resources */ = {isa = PBXBuildFile; fileRef = F6B198BD1FEE004E002053A9 /* Main.storyboard */; };
		F6B198C11FEE004E002053A9 /* Assets.xcassets in Resources */ = {isa = PBXBuildFile; fileRef = F6B198C01FEE004E002053A9 /* Assets.xcassets */; };
		F6B198C41FEE004E002053A9 /* LaunchScreen.storyboard in Resources */ = {isa = PBXBuildFile; fileRef = F6B198C21FEE004E002053A9 /* LaunchScreen.storyboard */; };
		F6B198CC1FEE3D12002053A9 /* CoreDataStack.swift in Sources */ = {isa = PBXBuildFile; fileRef = F6B198CB1FEE3D12002053A9 /* CoreDataStack.swift */; };
		F6B198CF1FEE3F26002053A9 /* Fetching.xcdatamodeld in Sources */ = {isa = PBXBuildFile; fileRef = F6B198CD1FEE3F26002053A9 /* Fetching.xcdatamodeld */; };
/* End PBXBuildFile section */

/* Begin PBXFileReference section */
		F6B198B61FEE004E002053A9 /* ForthCoredataFetch.app */ = {isa = PBXFileReference; explicitFileType = wrapper.application; includeInIndex = 0; path = ForthCoredataFetch.app; sourceTree = BUILT_PRODUCTS_DIR; };
		F6B198B91FEE004E002053A9 /* AppDelegate.swift */ = {isa = PBXFileReference; lastKnownFileType = sourcecode.swift; path = AppDelegate.swift; sourceTree = "<group>"; };
		F6B198BB1FEE004E002053A9 /* ViewController.swift */ = {isa = PBXFileReference; lastKnownFileType = sourcecode.swift; path = ViewController.swift; sourceTree = "<group>"; };
		F6B198BE1FEE004E002053A9 /* Base */ = {isa = PBXFileReference; lastKnownFileType = file.storyboard; name = Base; path = Base.lproj/Main.storyboard; sourceTree = "<group>"; };
		F6B198C01FEE004E002053A9 /* Assets.xcassets */ = {isa = PBXFileReference; lastKnownFileType = folder.assetcatalog; path = Assets.xcassets; sourceTree = "<group>"; };
		F6B198C31FEE004E002053A9 /* Base */ = {isa = PBXFileReference; lastKnownFileType = file.storyboard; name = Base; path = Base.lproj/LaunchScreen.storyboard; sourceTree = "<group>"; };
		F6B198C51FEE004E002053A9 /* Info.plist */ = {isa = PBXFileReference; lastKnownFileType = text.plist.xml; path = Info.plist; sourceTree = "<group>"; };
		F6B198CB1FEE3D12002053A9 /* CoreDataStack.swift */ = {isa = PBXFileReference; lastKnownFileType = sourcecode.swift; path = CoreDataStack.swift; sourceTree = "<group>"; };
		F6B198CE1FEE3F26002053A9 /* Bubble_Tea_Finder.xcdatamodel */ = {isa = PBXFileReference; lastKnownFileType = wrapper.xcdatamodel; path = Bubble_Tea_Finder.xcdatamodel; sourceTree = "<group>"; };
/* End PBXFileReference section */

/* Begin PBXFrameworksBuildPhase section */
		F6B198B31FEE004E002053A9 /* Frameworks */ = {
			isa = PBXFrameworksBuildPhase;
			buildActionMask = 2147483647;
			files = (
			);
			runOnlyForDeploymentPostprocessing = 0;
		};
/* End PBXFrameworksBuildPhase section */

/* Begin PBXGroup section */
		F6B198AD1FEE004E002053A9 = {
			isa = PBXGroup;
			children = (
				F6B198B81FEE004E002053A9 /* ForthCoredataFetch */,
				F6B198B71FEE004E002053A9 /* Products */,
			);
			sourceTree = "<group>";
		};
		F6B198B71FEE004E002053A9 /* Products */ = {
			isa = PBXGroup;
			children = (
				F6B198B61FEE004E002053A9 /* ForthCoredataFetch.app */,
			);
			name = Products;
			sourceTree = "<group>";
		};
		F6B198B81FEE004E002053A9 /* ForthCoredataFetch */ = {
			isa = PBXGroup;
			children = (
				F6B198B91FEE004E002053A9 /* AppDelegate.swift */,
				F6B198CB1FEE3D12002053A9 /* CoreDataStack.swift */,
				F6B198BB1FEE004E002053A9 /* ViewController.swift */,
				F6B198BD1FEE004E002053A9 /* Main.storyboard */,
				F6B198CD1FEE3F26002053A9 /* Fetching.xcdatamodeld */,
				F6B198C01FEE004E002053A9 /* Assets.xcassets */,
				F6B198C21FEE004E002053A9 /* LaunchScreen.storyboard */,
				F6B198C51FEE004E002053A9 /* Info.plist */,
			);
			path = ForthCoredataFetch;
			sourceTree = "<group>";
		};
/* End PBXGroup section */

/* Begin PBXNativeTarget section */
		F6B198B51FEE004E002053A9 /* ForthCoredataFetch */ = {
			isa = PBXNativeTarget;
			buildConfigurationList = F6B198C81FEE004E002053A9 /* Build configuration list for PBXNativeTarget "ForthCoredataFetch" */;
			buildPhases = (
				F6B198B21FEE004E002053A9 /* Sources */,
				F6B198B31FEE004E002053A9 /* Frameworks */,
				F6B198B41FEE004E002053A9 /* Resources */,
			);
			buildRules = (
			);
			dependencies = (
			);
			name = ForthCoredataFetch;
			productName = ForthCoredataFetch;
			productReference = F6B198B61FEE004E002053A9 /* ForthCoredataFetch.app */;
			productType = "com.apple.product-type.application";
		};
/* End PBXNativeTarget section */

/* Begin PBXProject section */
		F6B198AE1FEE004E002053A9 /* Project object */ = {
			isa = PBXProject;
			attributes = {
				LastSwiftUpdateCheck = 0910;
				LastUpgradeCheck = 1020;
				ORGANIZATIONNAME = "Stan Guo";
				TargetAttributes = {
					F6B198B51FEE004E002053A9 = {
						CreatedOnToolsVersion = 9.1;
						LastSwiftMigration = 1020;
						ProvisioningStyle = Automatic;
					};
				};
			};
			buildConfigurationList = F6B198B11FEE004E002053A9 /* Build configuration list for PBXProject "ForthCoredataFetch" */;
			compatibilityVersion = "Xcode 8.0";
			developmentRegion = en;
			hasScannedForEncodings = 0;
			knownRegions = (
				en,
				Base,
			);
			mainGroup = F6B198AD1FEE004E002053A9;
			productRefGroup = F6B198B71FEE004E002053A9 /* Products */;
			projectDirPath = "";
			projectRoot = "";
			targets = (
				F6B198B51FEE004E002053A9 /* ForthCoredataFetch */,
			);
		};
/* End PBXProject section */

/* Begin PBXResourcesBuildPhase section */
		F6B198B41FEE004E002053A9 /* Resources */ = {
			isa = PBXResourcesBuildPhase;
			buildActionMask = 2147483647;
			files = (
				F6B198C41FEE004E002053A9 /* LaunchScreen.storyboard in Resources */,
				F6B198C11FEE004E002053A9 /* Assets.xcassets in Resources */,
				F6B198BF1FEE004E002053A9 /* Main.storyboard in Resources */,
			);
			runOnlyForDeploymentPostprocessing = 0;
		};
/* End PBXResourcesBuildPhase section */

/* Begin PBXSourcesBuildPhase section */
		F6B198B21FEE004E002053A9 /* Sources */ = {
			isa = PBXSourcesBuildPhase;
			buildActionMask = 2147483647;
			files = (
				F6B198CC1FEE3D12002053A9 /* CoreDataStack.swift in Sources */,
				F6B198CF1FEE3F26002053A9 /* Fetching.xcdatamodeld in Sources */,
				F6B198BC1FEE004E002053A9 /* ViewController.swift in Sources */,
				F6B198BA1FEE004E002053A9 /* AppDelegate.swift in Sources */,
			);
			runOnlyForDeploymentPostprocessing = 0;
		};
/* End PBXSourcesBuildPhase section */

/* Begin PBXVariantGroup section */
		F6B198BD1FEE004E002053A9 /* Main.storyboard */ = {
			isa = PBXVariantGroup;
			children = (
				F6B198BE1FEE004E002053A9 /* Base */,
			);
			name = Main.storyboard;
			sourceTree = "<group>";
		};
		F6B198C21FEE004E002053A9 /* LaunchScreen.storyboard */ = {
			isa = PBXVariantGroup;
			children = (
				F6B198C31FEE004E002053A9 /* Base */,
			);
			name = LaunchScreen.storyboard;
			sourceTree = "<group>";
		};
/* End PBXVariantGroup section */

/* Begin XCBuildConfiguration section */
		F6B198C61FEE004E002053A9 /* Debug */ = {
			isa = XCBuildConfiguration;
			buildSettings = {
				ALWAYS_SEARCH_USER_PATHS = NO;
				CLANG_ANALYZER_NONNULL = YES;
				CLANG_ANALYZER_NUMBER_OBJECT_CONVERSION = YES_AGGRESSIVE;
				CLANG_CXX_LANGUAGE_STANDARD = "gnu++14";
				CLANG_CXX_LIBRARY = "libc++";
				CLANG_ENABLE_MODULES = YES;
				CLANG_ENABLE_OBJC_ARC = YES;
				CLANG_WARN_BLOCK_CAPTURE_AUTORELEASING = YES;
				CLANG_WARN_BOOL_CONVERSION = YES;
				CLANG_WARN_COMMA = YES;
				CLANG_WARN_CONSTANT_CONVERSION = YES;
				CLANG_WARN_DEPRECATED_OBJC_IMPLEMENTATIONS = YES;
				CLANG_WARN_DIRECT_OBJC_ISA_USAGE = YES_ERROR;
				CLANG_WARN_DOCUMENTATION_COMMENTS = YES;
				CLANG_WARN_EMPTY_BODY = YES;
				CLANG_WARN_ENUM_CONVERSION = YES;
				CLANG_WARN_INFINITE_RECURSION = YES;
				CLANG_WARN_INT_CONVERSION = YES;
				CLANG_WARN_NON_LITERAL_NULL_CONVERSION = YES;
				CLANG_WARN_OBJC_IMPLICIT_RETAIN_SELF = YES;
				CLANG_WARN_OBJC_LITERAL_CONVERSION = YES;
				CLANG_WARN_OBJC_ROOT_CLASS = YES_ERROR;
				CLANG_WARN_RANGE_LOOP_ANALYSIS = YES;
				CLANG_WARN_STRICT_PROTOTYPES = YES;
				CLANG_WARN_SUSPICIOUS_MOVE = YES;
				CLANG_WARN_UNGUARDED_AVAILABILITY = YES_AGGRESSIVE;
				CLANG_WARN_UNREACHABLE_CODE = YES;
				CLANG_WARN__DUPLICATE_METHOD_MATCH = YES;
				CODE_SIGN_IDENTITY = "iPhone Developer";
				COPY_PHASE_STRIP = NO;
				DEBUG_INFORMATION_FORMAT = dwarf;
				ENABLE_STRICT_OBJC_MSGSEND = YES;
				ENABLE_TESTABILITY = YES;
				GCC_C_LANGUAGE_STANDARD = gnu11;
				GCC_DYNAMIC_NO_PIC = NO;
				GCC_NO_COMMON_BLOCKS = YES;
				GCC_OPTIMIZATION_LEVEL = 0;
				GCC_PREPROCESSOR_DEFINITIONS = (
					"DEBUG=1",
					"$(inherited)",
				);
				GCC_WARN_64_TO_32_BIT_CONVERSION = YES;
				GCC_WARN_ABOUT_RETURN_TYPE = YES_ERROR;
				GCC_WARN_UNDECLARED_SELECTOR = YES;
				GCC_WARN_UNINITIALIZED_AUTOS = YES_AGGRESSIVE;
				GCC_WARN_UNUSED_FUNCTION = YES;
				GCC_WARN_UNUSED_VARIABLE = YES;
				IPHONEOS_DEPLOYMENT_TARGET = 11.1;
				MTL_ENABLE_DEBUG_INFO = YES;
				ONLY_ACTIVE_ARCH = YES;
				SDKROOT = iphoneos;
				SWIFT_ACTIVE_COMPILATION_CONDITIONS = DEBUG;
				SWIFT_OPTIMIZATION_LEVEL = "-Onone";
			};
			name = Debug;
		};
		F6B198C71FEE004E002053A9 /* Release */ = {
			isa = XCBuildConfiguration;
			buildSettings = {
				ALWAYS_SEARCH_USER_PATHS = NO;
				CLANG_ANALYZER_NONNULL = YES;
				CLANG_ANALYZER_NUMBER_OBJECT_CONVERSION = YES_AGGRESSIVE;
				CLANG_CXX_LANGUAGE_STANDARD = "gnu++14";
				CLANG_CXX_LIBRARY = "libc++";
				CLANG_ENABLE_MODULES = YES;
				CLANG_ENABLE_OBJC_ARC = YES;
				CLANG_WARN_BLOCK_CAPTURE_AUTORELEASING = YES;
				CLANG_WARN_BOOL_CONVERSION = YES;
				CLANG_WARN_COMMA = YES;
				CLANG_WARN_CONSTANT_CONVERSION = YES;
				CLANG_WARN_DEPRECATED_OBJC_IMPLEMENTATIONS = YES;
				CLANG_WARN_DIRECT_OBJC_ISA_USAGE = YES_ERROR;
				CLANG_WARN_DOCUMENTATION_COMMENTS = YES;
				CLANG_WARN_EMPTY_BODY = YES;
				CLANG_WARN_ENUM_CONVERSION = YES;
				CLANG_WARN_INFINITE_RECURSION = YES;
				CLANG_WARN_INT_CONVERSION = YES;
				CLANG_WARN_NON_LITERAL_NULL_CONVERSION = YES;
				CLANG_WARN_OBJC_IMPLICIT_RETAIN_SELF = YES;
				CLANG_WARN_OBJC_LITERAL_CONVERSION = YES;
				CLANG_WARN_OBJC_ROOT_CLASS = YES_ERROR;
				CLANG_WARN_RANGE_LOOP_ANALYSIS = YES;
				CLANG_WARN_STRICT_PROTOTYPES = YES;
				CLANG_WARN_SUSPICIOUS_MOVE = YES;
				CLANG_WARN_UNGUARDED_AVAILABILITY = YES_AGGRESSIVE;
				CLANG_WARN_UNREACHABLE_CODE = YES;
				CLANG_WARN__DUPLICATE_METHOD_MATCH = YES;
				CODE_SIGN_IDENTITY = "iPhone Developer";
				COPY_PHASE_STRIP = NO;
				DEBUG_INFORMATION_FORMAT = "dwarf-with-dsym";
				ENABLE_NS_ASSERTIONS = NO;
				ENABLE_STRICT_OBJC_MSGSEND = YES;
				GCC_C_LANGUAGE_STANDARD = gnu11;
				GCC_NO_COMMON_BLOCKS = YES;
				GCC_WARN_64_TO_32_BIT_CONVERSION = YES;
				GCC_WARN_ABOUT_RETURN_TYPE = YES_ERROR;
				GCC_WARN_UNDECLARED_SELECTOR = YES;
				GCC_WARN_UNINITIALIZED_AUTOS = YES_AGGRESSIVE;
				GCC_WARN_UNUSED_FUNCTION = YES;
				GCC_WARN_UNUSED_VARIABLE = YES;
				IPHONEOS_DEPLOYMENT_TARGET = 11.1;
				MTL_ENABLE_DEBUG_INFO = NO;
				SDKROOT = iphoneos;
				SWIFT_OPTIMIZATION_LEVEL = "-Owholemodule";
				VALIDATE_PRODUCT = YES;
			};
			name = Release;
		};
		F6B198C91FEE004E002053A9 /* Debug */ = {
			isa = XCBuildConfiguration;
			buildSettings = {
				ASSETCATALOG_COMPILER_APPICON_NAME = AppIcon;
				CODE_SIGN_STYLE = Automatic;
				DEVELOPMENT_TEAM = 52L44JBJWT;
				INFOPLIST_FILE = ForthCoredataFetch/Info.plist;
				LD_RUNPATH_SEARCH_PATHS = "$(inherited) @executable_path/Frameworks";
				PRODUCT_BUNDLE_IDENTIFIER = com.jianshu.ForthCoredataFetch;
				PRODUCT_NAME = "$(TARGET_NAME)";
				SWIFT_VERSION = 5.0;
				TARGETED_DEVICE_FAMILY = "1,2";
			};
			name = Debug;
		};
		F6B198CA1FEE004E002053A9 /* Release */ = {
			isa = XCBuildConfiguration;
			buildSettings = {
				ASSETCATALOG_COMPILER_APPICON_NAME = AppIcon;
				CODE_SIGN_STYLE = Automatic;
				DEVELOPMENT_TEAM = 52L44JBJWT;
				INFOPLIST_FILE = ForthCoredataFetch/Info.plist;
				LD_RUNPATH_SEARCH_PATHS = "$(inherited) @executable_path/Frameworks";
				PRODUCT_BUNDLE_IDENTIFIER = com.jianshu.ForthCoredataFetch;
				PRODUCT_NAME = "$(TARGET_NAME)";
				SWIFT_VERSION = 5.0;
				TARGETED_DEVICE_FAMILY = "1,2";
			};
			name = Release;
		};
/* End XCBuildConfiguration section */

/* Begin XCConfigurationList section */
		F6B198B11FEE004E002053A9 /* Build configuration list for PBXProject "ForthCoredataFetch" */ = {
			isa = XCConfigurationList;
			buildConfigurations = (
				F6B198C61FEE004E002053A9 /* Debug */,
				F6B198C71FEE004E002053A9 /* Release */,
			);
			defaultConfigurationIsVisible = 0;
			defaultConfigurationName = Release;
		};
		F6B198C81FEE004E002053A9 /* Build configuration list for PBXNativeTarget "ForthCoredataFetch" */ = {
			isa = XCConfigurationList;
			buildConfigurations = (
				F6B198C91FEE004E002053A9 /* Debug */,
				F6B198CA1FEE004E002053A9 /* Release */,
			);
			defaultConfigurationIsVisible = 0;
			defaultConfigurationName = Release;
		};
/* End XCConfigurationList section */

/* Begin XCVersionGroup section */
		F6B198CD1FEE3F26002053A9 /* Fetching.xcdatamodeld */ = {
			isa = XCVersionGroup;
			children = (
				F6B198CE1FEE3F26002053A9 /* Bubble_Tea_Finder.xcdatamodel */,
			);
			currentVersion = F6B198CE1FEE3F26002053A9 /* Bubble_Tea_Finder.xcdatamodel */;
			path = Fetching.xcdatamodeld;
			sourceTree = "<group>";
			versionGroupType = wrapper.xcdatamodel;
		};
/* End XCVersionGroup section */
	};
	rootObject = F6B198AE1FEE004E002053A9 /* Project object */;
}
